
Microsoft Visual Studio Solution File, Format Version 12.00
# Visual Studio Version 17
VisualStudioVersion = 17.4.33403.182
MinimumVisualStudioVersion = 10.0.40219.1
Project("{FAE04EC0-301F-11D3-BF4B-00C04F79EFBC}") = "SpecShow", "SpecShow\SpecShow.csproj", "{666BEB7C-B4D2-45DA-9C09-79BC1C1DD73A}"
EndProject
Global
	GlobalSection(SolutionConfigurationPlatforms) = preSolution
		Debug|Any CPU = Debug|Any CPU
		Release|Any CPU = Release|Any CPU
	EndGlobalSection
	GlobalSection(ProjectConfigurationPlatforms) = postSolution
		{666BEB7C-B4D2-45DA-9C09-79BC1C1DD73A}.Debug|Any CPU.ActiveCfg = Debug|Any CPU
		{666BEB7C-B4D2-45DA-9C09-79BC1C1DD73A}.Debug|Any CPU.Build.0 = Debug|Any CPU
		{666BEB7C-B4D2-45DA-9C09-79BC1C1DD73A}.Release|Any CPU.ActiveCfg = Release|Any CPU
		{666BEB7C-B4D2-45DA-9C09-79BC1C1DD73A}.Release|Any CPU.Build.0 = Release|Any CPU
	EndGlobalSection
	GlobalSection(SolutionProperties) = preSolution
		HideSolutionNode = FALSE
	EndGlobalSection
	GlobalSection(ExtensibilityGlobals) = postSolution
		SolutionGuid = {1025FDD7-3EA8-4213-92DF-9E5155AC7C52}
	EndGlobalSection
EndGlobal
